<?xml version="1.0" encoding="utf-8"?>
<Project ToolsVersion="4.0" xmlns="http://schemas.microsoft.com/developer/msbuild/2003">
  <ItemGroup>
    <Filter Include="BootUP">
      <UniqueIdentifier>{b85afb3a-eb87-4179-92d4-5c87000f5989}</UniqueIdentifier>
    </Filter>
    <Filter Include="Graphics">
      <UniqueIdentifier>{85c4ef6a-26b8-4bcc-aa93-882500cb8b02}</UniqueIdentifier>
    </Filter>
    <Filter Include="Systems">
      <UniqueIdentifier>{8470fdd6-a671-41f3-a078-6aa5344795a3}</UniqueIdentifier>
    </Filter>
  </ItemGroup>
  <ItemGroup>
    <ClCompile Include="Camera.cpp">
      <Filter>Graphics</Filter>
    </ClCompile>
    <ClCompile Include="ImageLoader.cpp">
      <Filter>Graphics</Filter>
    </ClCompile>
    <ClCompile Include="ShaderProgram.cpp">
      <Filter>Graphics</Filter>
    </ClCompile>
    <ClCompile Include="RenderSystem.cpp">
      <Filter>Systems</Filter>
    </ClCompile>
    <ClCompile Include="BootUP.cpp">
      <Filter>BootUP</Filter>
    </ClCompile>
    <ClCompile Include="State.cpp">
      <Filter>BootUP</Filter>
    </ClCompile>
    <ClCompile Include="PhysicsSystem.cpp">
      <Filter>Systems</Filter>
    </ClCompile>
  </ItemGroup>
  <ItemGroup>
    <ClInclude Include="Camera.hpp">
      <Filter>Graphics</Filter>
    </ClInclude>
    <ClInclude Include="ImageLoader.h">
      <Filter>Graphics</Filter>
    </ClInclude>
    <ClInclude Include="ShaderProgram.hpp">
      <Filter>Graphics</Filter>
    </ClInclude>
    <ClInclude Include="RenderSystem.hpp">
      <Filter>Systems</Filter>
    </ClInclude>
    <ClInclude Include="System.hpp">
      <Filter>Systems</Filter>
    </ClInclude>
    <ClInclude Include="SystemID.h">
      <Filter>Systems</Filter>
    </ClInclude>
    <ClInclude Include="Component.hpp">
      <Filter>BootUP</Filter>
    </ClInclude>
    <ClInclude Include="ComponentID.h">
      <Filter>BootUP</Filter>
    </ClInclude>
    <ClInclude Include="State.hpp">
      <Filter>BootUP</Filter>
    </ClInclude>
    <ClInclude Include="PhysicsSystem.hpp">
      <Filter>Systems</Filter>
    </ClInclude>
    <ClInclude Include="ModelLoader.hpp">
      <Filter>Graphics</Filter>
    </ClInclude>
    <ClInclude Include="Utility.hpp">
      <Filter>BootUP</Filter>
    </ClInclude>
  </ItemGroup>
</Project>